
Microsoft Visual Studio Solution File, Format Version 12.00
# Visual Studio Version 17
VisualStudioVersion = 17.8.34525.116
MinimumVisualStudioVersion = 10.0.40219.1
Project("{FAE04EC0-301F-11D3-BF4B-00C04F79EFBC}") = "AP1_GSB_BTS_SIO", "AP1_GSB_BTS_SIO\AP1_GSB_BTS_SIO.csproj", "{95C7099D-1A74-45C6-A555-4061C4AA2EED}"
EndProject
Global
	GlobalSection(SolutionConfigurationPlatforms) = preSolution
		Debug|Any CPU = Debug|Any CPU
		Release|Any CPU = Release|Any CPU
	EndGlobalSection
	GlobalSection(ProjectConfigurationPlatforms) = postSolution
		{95C7099D-1A74-45C6-A555-4061C4AA2EED}.Debug|Any CPU.ActiveCfg = Debug|Any CPU
		{95C7099D-1A74-45C6-A555-4061C4AA2EED}.Debug|Any CPU.Build.0 = Debug|Any CPU
		{95C7099D-1A74-45C6-A555-4061C4AA2EED}.Release|Any CPU.ActiveCfg = Release|Any CPU
		{95C7099D-1A74-45C6-A555-4061C4AA2EED}.Release|Any CPU.Build.0 = Release|Any CPU
	EndGlobalSection
	GlobalSection(SolutionProperties) = preSolution
		HideSolutionNode = FALSE
	EndGlobalSection
	GlobalSection(ExtensibilityGlobals) = postSolution
		SolutionGuid = {EF8A0100-F2EE-46FB-B380-26E5B6F3E82D}
	EndGlobalSection
EndGlobal
